
Microsoft Visual Studio Solution File, Format Version 12.00
# Visual Studio Version 16
VisualStudioVersion = 16.0.28714.193
MinimumVisualStudioVersion = 10.0.40219.1
Project("{FAE04EC0-301F-11D3-BF4B-00C04F79EFBC}") = "ShoppingEcommerce.DataAccess", "ShoppingEcommerce.DataAccess\ShoppingEcommerce.DataAccess.csproj", "{F413FA7F-71DC-4BCF-B39D-68DF9859B793}"
EndProject
Project("{FAE04EC0-301F-11D3-BF4B-00C04F79EFBC}") = "ShoppingEcommerce.Web", "ShoppingEcommerce.Web\ShoppingEcommerce.Web.csproj", "{E4C47B20-E65C-484F-A933-31253F81C0E5}"
EndProject
Project("{FAE04EC0-301F-11D3-BF4B-00C04F79EFBC}") = "ShoppingEcommerce.Services", "ShoppingEcommerce.Services\ShoppingEcommerce.Services.csproj", "{FF1B8EB3-8CD9-4D2E-9F0E-25B23B74109F}"
EndProject
Project("{FAE04EC0-301F-11D3-BF4B-00C04F79EFBC}") = "ShoppingEcommerce.Utilities", "ShoppingEcommerce.Utilities\ShoppingEcommerce.Utilities.csproj", "{03FE95C6-4A4B-4E77-8400-BFA2690754C9}"
EndProject
Project("{FAE04EC0-301F-11D3-BF4B-00C04F79EFBC}") = "ShoppingEcommerce.IoC", "ShoppingEcommerce.IoC\ShoppingEcommerce.IoC.csproj", "{8935B75B-8EE6-4E32-B4D0-25C6A73ED29D}"
EndProject
Project("{FAE04EC0-301F-11D3-BF4B-00C04F79EFBC}") = "ShoppingEcommerce.Core", "ShoppingEcommerce.Core\ShoppingEcommerce.Core.csproj", "{A138EB2A-EEE1-4DD6-B153-E1C3DC61DA47}"
EndProject
Project("{FAE04EC0-301F-11D3-BF4B-00C04F79EFBC}") = "ShoppingEcommerce.Mapper", "ShoppingEcommerce.Mapper\ShoppingEcommerce.Mapper.csproj", "{6A8F5A2F-4918-4E9E-BC54-970FFF5A47ED}"
EndProject
Project("{FAE04EC0-301F-11D3-BF4B-00C04F79EFBC}") = "ShoppingEcommerce.Repository", "ShoppingEcommerce.Repository\ShoppingEcommerce.Repository.csproj", "{EAEFE0C4-7172-4F7C-8663-573A5DECE217}"
EndProject
Project("{FAE04EC0-301F-11D3-BF4B-00C04F79EFBC}") = "ShoppingEcommerce.Infrastructure", "ShoppingEcommerce.Infrastructure\ShoppingEcommerce.Infrastructure.csproj", "{6E602F49-350F-4E4D-A5BD-B8BD8FA7215E}"
EndProject
Global
	GlobalSection(SolutionConfigurationPlatforms) = preSolution
		Debug|Any CPU = Debug|Any CPU
		Release|Any CPU = Release|Any CPU
	EndGlobalSection
	GlobalSection(ProjectConfigurationPlatforms) = postSolution
		{F413FA7F-71DC-4BCF-B39D-68DF9859B793}.Debug|Any CPU.ActiveCfg = Debug|Any CPU
		{F413FA7F-71DC-4BCF-B39D-68DF9859B793}.Debug|Any CPU.Build.0 = Debug|Any CPU
		{F413FA7F-71DC-4BCF-B39D-68DF9859B793}.Release|Any CPU.ActiveCfg = Release|Any CPU
		{F413FA7F-71DC-4BCF-B39D-68DF9859B793}.Release|Any CPU.Build.0 = Release|Any CPU
		{E4C47B20-E65C-484F-A933-31253F81C0E5}.Debug|Any CPU.ActiveCfg = Debug|Any CPU
		{E4C47B20-E65C-484F-A933-31253F81C0E5}.Debug|Any CPU.Build.0 = Debug|Any CPU
		{E4C47B20-E65C-484F-A933-31253F81C0E5}.Release|Any CPU.ActiveCfg = Release|Any CPU
		{E4C47B20-E65C-484F-A933-31253F81C0E5}.Release|Any CPU.Build.0 = Release|Any CPU
		{FF1B8EB3-8CD9-4D2E-9F0E-25B23B74109F}.Debug|Any CPU.ActiveCfg = Debug|Any CPU
		{FF1B8EB3-8CD9-4D2E-9F0E-25B23B74109F}.Debug|Any CPU.Build.0 = Debug|Any CPU
		{FF1B8EB3-8CD9-4D2E-9F0E-25B23B74109F}.Release|Any CPU.ActiveCfg = Release|Any CPU
		{FF1B8EB3-8CD9-4D2E-9F0E-25B23B74109F}.Release|Any CPU.Build.0 = Release|Any CPU
		{03FE95C6-4A4B-4E77-8400-BFA2690754C9}.Debug|Any CPU.ActiveCfg = Debug|Any CPU
		{03FE95C6-4A4B-4E77-8400-BFA2690754C9}.Debug|Any CPU.Build.0 = Debug|Any CPU
		{03FE95C6-4A4B-4E77-8400-BFA2690754C9}.Release|Any CPU.ActiveCfg = Release|Any CPU
		{03FE95C6-4A4B-4E77-8400-BFA2690754C9}.Release|Any CPU.Build.0 = Release|Any CPU
		{8935B75B-8EE6-4E32-B4D0-25C6A73ED29D}.Debug|Any CPU.ActiveCfg = Debug|Any CPU
		{8935B75B-8EE6-4E32-B4D0-25C6A73ED29D}.Debug|Any CPU.Build.0 = Debug|Any CPU
		{8935B75B-8EE6-4E32-B4D0-25C6A73ED29D}.Release|Any CPU.ActiveCfg = Release|Any CPU
		{8935B75B-8EE6-4E32-B4D0-25C6A73ED29D}.Release|Any CPU.Build.0 = Release|Any CPU
		{A138EB2A-EEE1-4DD6-B153-E1C3DC61DA47}.Debug|Any CPU.ActiveCfg = Debug|Any CPU
		{A138EB2A-EEE1-4DD6-B153-E1C3DC61DA47}.Debug|Any CPU.Build.0 = Debug|Any CPU
		{A138EB2A-EEE1-4DD6-B153-E1C3DC61DA47}.Release|Any CPU.ActiveCfg = Release|Any CPU
		{A138EB2A-EEE1-4DD6-B153-E1C3DC61DA47}.Release|Any CPU.Build.0 = Release|Any CPU
		{6A8F5A2F-4918-4E9E-BC54-970FFF5A47ED}.Debug|Any CPU.ActiveCfg = Debug|Any CPU
		{6A8F5A2F-4918-4E9E-BC54-970FFF5A47ED}.Debug|Any CPU.Build.0 = Debug|Any CPU
		{6A8F5A2F-4918-4E9E-BC54-970FFF5A47ED}.Release|Any CPU.ActiveCfg = Release|Any CPU
		{6A8F5A2F-4918-4E9E-BC54-970FFF5A47ED}.Release|Any CPU.Build.0 = Release|Any CPU
		{EAEFE0C4-7172-4F7C-8663-573A5DECE217}.Debug|Any CPU.ActiveCfg = Debug|Any CPU
		{EAEFE0C4-7172-4F7C-8663-573A5DECE217}.Debug|Any CPU.Build.0 = Debug|Any CPU
		{EAEFE0C4-7172-4F7C-8663-573A5DECE217}.Release|Any CPU.ActiveCfg = Release|Any CPU
		{EAEFE0C4-7172-4F7C-8663-573A5DECE217}.Release|Any CPU.Build.0 = Release|Any CPU
		{6E602F49-350F-4E4D-A5BD-B8BD8FA7215E}.Debug|Any CPU.ActiveCfg = Debug|Any CPU
		{6E602F49-350F-4E4D-A5BD-B8BD8FA7215E}.Debug|Any CPU.Build.0 = Debug|Any CPU
		{6E602F49-350F-4E4D-A5BD-B8BD8FA7215E}.Release|Any CPU.ActiveCfg = Release|Any CPU
		{6E602F49-350F-4E4D-A5BD-B8BD8FA7215E}.Release|Any CPU.Build.0 = Release|Any CPU
	EndGlobalSection
	GlobalSection(SolutionProperties) = preSolution
		HideSolutionNode = FALSE
	EndGlobalSection
	GlobalSection(ExtensibilityGlobals) = postSolution
		SolutionGuid = {B4158D0F-42B4-4F80-AA53-710E8C57075E}
	EndGlobalSection
EndGlobal
